// !$*UTF8*$!
{
	archiveVersion = 1;
	classes = {
	};
	objectVersion = 56;
	objects = {

/* Begin PBXBuildFile section */
		199EBFA72BC45584006A5838 /* AppDelegate.swift in Sources */ = {isa = PBXBuildFile; fileRef = 199EBFA62BC45584006A5838 /* AppDelegate.swift */; };
		199EBFA92BC45584006A5838 /* SceneDelegate.swift in Sources */ = {isa = PBXBuildFile; fileRef = 199EBFA82BC45584006A5838 /* SceneDelegate.swift */; };
		199EBFAB2BC45584006A5838 /* ViewController.swift in Sources */ = {isa = PBXBuildFile; fileRef = 199EBFAA2BC45584006A5838 /* ViewController.swift */; };
		199EBFB02BC45586006A5838 /* Assets.xcassets in Resources */ = {isa = PBXBuildFile; fileRef = 199EBFAF2BC45586006A5838 /* Assets.xcassets */; };
		199EBFB32BC45586006A5838 /* Base in Resources */ = {isa = PBXBuildFile; fileRef = 199EBFB22BC45586006A5838 /* Base */; };
		19B5F77A2BD6BCEC0084EF05 /* HomeCoordinator.swift in Sources */ = {isa = PBXBuildFile; fileRef = 19B5F7792BD6BCEC0084EF05 /* HomeCoordinator.swift */; };
		19B5F77C2BD6BD330084EF05 /* OrderCoordinator.swift in Sources */ = {isa = PBXBuildFile; fileRef = 19B5F77B2BD6BD330084EF05 /* OrderCoordinator.swift */; };
		19B5F77E2BD6BD790084EF05 /* ListCoordinator.swift in Sources */ = {isa = PBXBuildFile; fileRef = 19B5F77D2BD6BD790084EF05 /* ListCoordinator.swift */; };
		19B5F7802BD6BDA20084EF05 /* ProfileCoordinator.swift in Sources */ = {isa = PBXBuildFile; fileRef = 19B5F77F2BD6BDA20084EF05 /* ProfileCoordinator.swift */; };
		19B5F7822BD6BDED0084EF05 /* TabBarController.swift in Sources */ = {isa = PBXBuildFile; fileRef = 19B5F7812BD6BDED0084EF05 /* TabBarController.swift */; };
		19C3B8922BCD60BA0023A0CB /* OnBoardingCoordinator.swift in Sources */ = {isa = PBXBuildFile; fileRef = 19C3B8912BCD60BA0023A0CB /* OnBoardingCoordinator.swift */; };
		19C6BC682BC6DE970019B5AE /* LICENSE.txt in Resources */ = {isa = PBXBuildFile; fileRef = 19C6BC5A2BC6DE970019B5AE /* LICENSE.txt */; };
		19C6BC692BC6DE970019B5AE /* Roboto-Black.ttf in Resources */ = {isa = PBXBuildFile; fileRef = 19C6BC5B2BC6DE970019B5AE /* Roboto-Black.ttf */; };
		19C6BC6A2BC6DE970019B5AE /* Roboto-BlackItalic.ttf in Resources */ = {isa = PBXBuildFile; fileRef = 19C6BC5C2BC6DE970019B5AE /* Roboto-BlackItalic.ttf */; };
		19C6BC6B2BC6DE970019B5AE /* Roboto-Bold.ttf in Resources */ = {isa = PBXBuildFile; fileRef = 19C6BC5D2BC6DE970019B5AE /* Roboto-Bold.ttf */; };
		19C6BC6C2BC6DE970019B5AE /* Roboto-BoldItalic.ttf in Resources */ = {isa = PBXBuildFile; fileRef = 19C6BC5E2BC6DE970019B5AE /* Roboto-BoldItalic.ttf */; };
		19C6BC6D2BC6DE970019B5AE /* Roboto-Italic.ttf in Resources */ = {isa = PBXBuildFile; fileRef = 19C6BC5F2BC6DE970019B5AE /* Roboto-Italic.ttf */; };
		19C6BC6E2BC6DE970019B5AE /* Roboto-Light.ttf in Resources */ = {isa = PBXBuildFile; fileRef = 19C6BC602BC6DE970019B5AE /* Roboto-Light.ttf */; };
		19C6BC6F2BC6DE970019B5AE /* Roboto-LightItalic.ttf in Resources */ = {isa = PBXBuildFile; fileRef = 19C6BC612BC6DE970019B5AE /* Roboto-LightItalic.ttf */; };
		19C6BC702BC6DE970019B5AE /* Roboto-Medium.ttf in Resources */ = {isa = PBXBuildFile; fileRef = 19C6BC622BC6DE970019B5AE /* Roboto-Medium.ttf */; };
		19C6BC712BC6DE970019B5AE /* Roboto-MediumItalic.ttf in Resources */ = {isa = PBXBuildFile; fileRef = 19C6BC632BC6DE970019B5AE /* Roboto-MediumItalic.ttf */; };
		19C6BC722BC6DE970019B5AE /* Roboto-Regular.ttf in Resources */ = {isa = PBXBuildFile; fileRef = 19C6BC642BC6DE970019B5AE /* Roboto-Regular.ttf */; };
		19C6BC732BC6DE970019B5AE /* Roboto-Thin.ttf in Resources */ = {isa = PBXBuildFile; fileRef = 19C6BC652BC6DE970019B5AE /* Roboto-Thin.ttf */; };
		19C6BC742BC6DE970019B5AE /* Roboto-ThinItalic.ttf in Resources */ = {isa = PBXBuildFile; fileRef = 19C6BC662BC6DE970019B5AE /* Roboto-ThinItalic.ttf */; };
		19E04A042BCAD08E0062C269 /* UIFont+Extension.swift in Sources */ = {isa = PBXBuildFile; fileRef = 19E04A032BCAD08E0062C269 /* UIFont+Extension.swift */; };
		19E04A062BCAD5310062C269 /* UIColor+Extensions.swift in Sources */ = {isa = PBXBuildFile; fileRef = 19E04A052BCAD5310062C269 /* UIColor+Extensions.swift */; };
		19E04A082BCAD6750062C269 /* AppColors.swift in Sources */ = {isa = PBXBuildFile; fileRef = 19E04A072BCAD6750062C269 /* AppColors.swift */; };
		19E04A0D2BCADAE30062C269 /* Coordinator.swift in Sources */ = {isa = PBXBuildFile; fileRef = 19E04A0C2BCADAE30062C269 /* Coordinator.swift */; };
		19E04A0F2BCAE3800062C269 /* AppCoordinator.swift in Sources */ = {isa = PBXBuildFile; fileRef = 19E04A0E2BCAE3800062C269 /* AppCoordinator.swift */; };
/* End PBXBuildFile section */

/* Begin PBXFileReference section */
		199EBFA32BC45584006A5838 /* DeliveryFood.app */ = {isa = PBXFileReference; explicitFileType = wrapper.application; includeInIndex = 0; path = DeliveryFood.app; sourceTree = BUILT_PRODUCTS_DIR; };
		199EBFA62BC45584006A5838 /* AppDelegate.swift */ = {isa = PBXFileReference; lastKnownFileType = sourcecode.swift; path = AppDelegate.swift; sourceTree = "<group>"; };
		199EBFA82BC45584006A5838 /* SceneDelegate.swift */ = {isa = PBXFileReference; lastKnownFileType = sourcecode.swift; path = SceneDelegate.swift; sourceTree = "<group>"; };
		199EBFAA2BC45584006A5838 /* ViewController.swift */ = {isa = PBXFileReference; lastKnownFileType = sourcecode.swift; path = ViewController.swift; sourceTree = "<group>"; };
		199EBFAF2BC45586006A5838 /* Assets.xcassets */ = {isa = PBXFileReference; lastKnownFileType = folder.assetcatalog; path = Assets.xcassets; sourceTree = "<group>"; };
		199EBFB22BC45586006A5838 /* Base */ = {isa = PBXFileReference; lastKnownFileType = file.storyboard; name = Base; path = Base.lproj/LaunchScreen.storyboard; sourceTree = "<group>"; };
		199EBFB42BC45586006A5838 /* Info.plist */ = {isa = PBXFileReference; lastKnownFileType = text.plist.xml; path = Info.plist; sourceTree = "<group>"; };
		19B5F7792BD6BCEC0084EF05 /* HomeCoordinator.swift */ = {isa = PBXFileReference; lastKnownFileType = sourcecode.swift; path = HomeCoordinator.swift; sourceTree = "<group>"; };
		19B5F77B2BD6BD330084EF05 /* OrderCoordinator.swift */ = {isa = PBXFileReference; lastKnownFileType = sourcecode.swift; path = OrderCoordinator.swift; sourceTree = "<group>"; };
		19B5F77D2BD6BD790084EF05 /* ListCoordinator.swift */ = {isa = PBXFileReference; lastKnownFileType = sourcecode.swift; path = ListCoordinator.swift; sourceTree = "<group>"; };
		19B5F77F2BD6BDA20084EF05 /* ProfileCoordinator.swift */ = {isa = PBXFileReference; lastKnownFileType = sourcecode.swift; path = ProfileCoordinator.swift; sourceTree = "<group>"; };
		19B5F7812BD6BDED0084EF05 /* TabBarController.swift */ = {isa = PBXFileReference; lastKnownFileType = sourcecode.swift; path = TabBarController.swift; sourceTree = "<group>"; };
		19C3B8912BCD60BA0023A0CB /* OnBoardingCoordinator.swift */ = {isa = PBXFileReference; lastKnownFileType = sourcecode.swift; path = OnBoardingCoordinator.swift; sourceTree = "<group>"; };
		19C6BC5A2BC6DE970019B5AE /* LICENSE.txt */ = {isa = PBXFileReference; fileEncoding = 4; lastKnownFileType = text; path = LICENSE.txt; sourceTree = "<group>"; };
		19C6BC5B2BC6DE970019B5AE /* Roboto-Black.ttf */ = {isa = PBXFileReference; lastKnownFileType = file; path = "Roboto-Black.ttf"; sourceTree = "<group>"; };
		19C6BC5C2BC6DE970019B5AE /* Roboto-BlackItalic.ttf */ = {isa = PBXFileReference; lastKnownFileType = file; path = "Roboto-BlackItalic.ttf"; sourceTree = "<group>"; };
		19C6BC5D2BC6DE970019B5AE /* Roboto-Bold.ttf */ = {isa = PBXFileReference; lastKnownFileType = file; path = "Roboto-Bold.ttf"; sourceTree = "<group>"; };
		19C6BC5E2BC6DE970019B5AE /* Roboto-BoldItalic.ttf */ = {isa = PBXFileReference; lastKnownFileType = file; path = "Roboto-BoldItalic.ttf"; sourceTree = "<group>"; };
		19C6BC5F2BC6DE970019B5AE /* Roboto-Italic.ttf */ = {isa = PBXFileReference; lastKnownFileType = file; path = "Roboto-Italic.ttf"; sourceTree = "<group>"; };
		19C6BC602BC6DE970019B5AE /* Roboto-Light.ttf */ = {isa = PBXFileReference; lastKnownFileType = file; path = "Roboto-Light.ttf"; sourceTree = "<group>"; };
		19C6BC612BC6DE970019B5AE /* Roboto-LightItalic.ttf */ = {isa = PBXFileReference; lastKnownFileType = file; path = "Roboto-LightItalic.ttf"; sourceTree = "<group>"; };
		19C6BC622BC6DE970019B5AE /* Roboto-Medium.ttf */ = {isa = PBXFileReference; lastKnownFileType = file; path = "Roboto-Medium.ttf"; sourceTree = "<group>"; };
		19C6BC632BC6DE970019B5AE /* Roboto-MediumItalic.ttf */ = {isa = PBXFileReference; lastKnownFileType = file; path = "Roboto-MediumItalic.ttf"; sourceTree = "<group>"; };
		19C6BC642BC6DE970019B5AE /* Roboto-Regular.ttf */ = {isa = PBXFileReference; lastKnownFileType = file; path = "Roboto-Regular.ttf"; sourceTree = "<group>"; };
		19C6BC652BC6DE970019B5AE /* Roboto-Thin.ttf */ = {isa = PBXFileReference; lastKnownFileType = file; path = "Roboto-Thin.ttf"; sourceTree = "<group>"; };
		19C6BC662BC6DE970019B5AE /* Roboto-ThinItalic.ttf */ = {isa = PBXFileReference; lastKnownFileType = file; path = "Roboto-ThinItalic.ttf"; sourceTree = "<group>"; };
		19E04A032BCAD08E0062C269 /* UIFont+Extension.swift */ = {isa = PBXFileReference; lastKnownFileType = sourcecode.swift; path = "UIFont+Extension.swift"; sourceTree = "<group>"; };
		19E04A052BCAD5310062C269 /* UIColor+Extensions.swift */ = {isa = PBXFileReference; lastKnownFileType = sourcecode.swift; path = "UIColor+Extensions.swift"; sourceTree = "<group>"; };
		19E04A072BCAD6750062C269 /* AppColors.swift */ = {isa = PBXFileReference; lastKnownFileType = sourcecode.swift; path = AppColors.swift; sourceTree = "<group>"; };
		19E04A0C2BCADAE30062C269 /* Coordinator.swift */ = {isa = PBXFileReference; lastKnownFileType = sourcecode.swift; path = Coordinator.swift; sourceTree = "<group>"; };
		19E04A0E2BCAE3800062C269 /* AppCoordinator.swift */ = {isa = PBXFileReference; lastKnownFileType = sourcecode.swift; path = AppCoordinator.swift; sourceTree = "<group>"; };
/* End PBXFileReference section */

/* Begin PBXFrameworksBuildPhase section */
		199EBFA02BC45584006A5838 /* Frameworks */ = {
			isa = PBXFrameworksBuildPhase;
			buildActionMask = 2147483647;
			files = (
			);
			runOnlyForDeploymentPostprocessing = 0;
		};
/* End PBXFrameworksBuildPhase section */

/* Begin PBXGroup section */
		199EBF9A2BC45584006A5838 = {
			isa = PBXGroup;
			children = (
				199EBFA52BC45584006A5838 /* DeliveryFood */,
				199EBFA42BC45584006A5838 /* Products */,
			);
			sourceTree = "<group>";
		};
		199EBFA42BC45584006A5838 /* Products */ = {
			isa = PBXGroup;
			children = (
				199EBFA32BC45584006A5838 /* DeliveryFood.app */,
			);
			name = Products;
			sourceTree = "<group>";
		};
		199EBFA52BC45584006A5838 /* DeliveryFood */ = {
			isa = PBXGroup;
			children = (
				19E04A092BCADA910062C269 /* NavigationLayer */,
				19C6BC562BC6DE310019B5AE /* Resourses */,
				199EBFA62BC45584006A5838 /* AppDelegate.swift */,
				199EBFA82BC45584006A5838 /* SceneDelegate.swift */,
				199EBFAA2BC45584006A5838 /* ViewController.swift */,
				199EBFAF2BC45586006A5838 /* Assets.xcassets */,
				199EBFB12BC45586006A5838 /* LaunchScreen.storyboard */,
				199EBFB42BC45586006A5838 /* Info.plist */,
			);
			path = DeliveryFood;
			sourceTree = "<group>";
		};
		19C6BC562BC6DE310019B5AE /* Resourses */ = {
			isa = PBXGroup;
			children = (
				19E04A022BCAD0680062C269 /* Extensions */,
				19C6BC572BC6DE3C0019B5AE /* Fonts */,
				19E04A072BCAD6750062C269 /* AppColors.swift */,
			);
			path = Resourses;
			sourceTree = "<group>";
		};
		19C6BC572BC6DE3C0019B5AE /* Fonts */ = {
			isa = PBXGroup;
			children = (
				19C6BC672BC6DE970019B5AE /* Roboto */,
			);
			path = Fonts;
			sourceTree = "<group>";
		};
		19C6BC672BC6DE970019B5AE /* Roboto */ = {
			isa = PBXGroup;
			children = (
				19C6BC5A2BC6DE970019B5AE /* LICENSE.txt */,
				19C6BC5B2BC6DE970019B5AE /* Roboto-Black.ttf */,
				19C6BC5C2BC6DE970019B5AE /* Roboto-BlackItalic.ttf */,
				19C6BC5D2BC6DE970019B5AE /* Roboto-Bold.ttf */,
				19C6BC5E2BC6DE970019B5AE /* Roboto-BoldItalic.ttf */,
				19C6BC5F2BC6DE970019B5AE /* Roboto-Italic.ttf */,
				19C6BC602BC6DE970019B5AE /* Roboto-Light.ttf */,
				19C6BC612BC6DE970019B5AE /* Roboto-LightItalic.ttf */,
				19C6BC622BC6DE970019B5AE /* Roboto-Medium.ttf */,
				19C6BC632BC6DE970019B5AE /* Roboto-MediumItalic.ttf */,
				19C6BC642BC6DE970019B5AE /* Roboto-Regular.ttf */,
				19C6BC652BC6DE970019B5AE /* Roboto-Thin.ttf */,
				19C6BC662BC6DE970019B5AE /* Roboto-ThinItalic.ttf */,
			);
			path = Roboto;
			sourceTree = "<group>";
		};
		19E04A022BCAD0680062C269 /* Extensions */ = {
			isa = PBXGroup;
			children = (
				19E04A032BCAD08E0062C269 /* UIFont+Extension.swift */,
				19E04A052BCAD5310062C269 /* UIColor+Extensions.swift */,
			);
			path = Extensions;
			sourceTree = "<group>";
		};
		19E04A092BCADA910062C269 /* NavigationLayer */ = {
			isa = PBXGroup;
			children = (
				19E04A0B2BCADAC90062C269 /* Coordinators */,
				19E04A0A2BCADABE0062C269 /* Controllers */,
			);
			path = NavigationLayer;
			sourceTree = "<group>";
		};
		19E04A0A2BCADABE0062C269 /* Controllers */ = {
			isa = PBXGroup;
			children = (
				19B5F7812BD6BDED0084EF05 /* TabBarController.swift */,
			);
			path = Controllers;
			sourceTree = "<group>";
		};
		19E04A0B2BCADAC90062C269 /* Coordinators */ = {
			isa = PBXGroup;
			children = (
				19E04A0C2BCADAE30062C269 /* Coordinator.swift */,
				19E04A0E2BCAE3800062C269 /* AppCoordinator.swift */,
				19C3B8912BCD60BA0023A0CB /* OnBoardingCoordinator.swift */,
				19B5F7792BD6BCEC0084EF05 /* HomeCoordinator.swift */,
				19B5F77B2BD6BD330084EF05 /* OrderCoordinator.swift */,
				19B5F77D2BD6BD790084EF05 /* ListCoordinator.swift */,
				19B5F77F2BD6BDA20084EF05 /* ProfileCoordinator.swift */,
			);
			path = Coordinators;
			sourceTree = "<group>";
		};
/* End PBXGroup section */

/* Begin PBXNativeTarget section */
		199EBFA22BC45584006A5838 /* DeliveryFood */ = {
			isa = PBXNativeTarget;
			buildConfigurationList = 199EBFB72BC45586006A5838 /* Build configuration list for PBXNativeTarget "DeliveryFood" */;
			buildPhases = (
				199EBF9F2BC45584006A5838 /* Sources */,
				199EBFA02BC45584006A5838 /* Frameworks */,
				199EBFA12BC45584006A5838 /* Resources */,
			);
			buildRules = (
			);
			dependencies = (
			);
			name = DeliveryFood;
			productName = DeliveryFood;
			productReference = 199EBFA32BC45584006A5838 /* DeliveryFood.app */;
			productType = "com.apple.product-type.application";
		};
/* End PBXNativeTarget section */

/* Begin PBXProject section */
		199EBF9B2BC45584006A5838 /* Project object */ = {
			isa = PBXProject;
			attributes = {
				BuildIndependentTargetsInParallel = 1;
				LastSwiftUpdateCheck = 1530;
				LastUpgradeCheck = 1530;
				TargetAttributes = {
					199EBFA22BC45584006A5838 = {
						CreatedOnToolsVersion = 15.3;
					};
				};
			};
			buildConfigurationList = 199EBF9E2BC45584006A5838 /* Build configuration list for PBXProject "DeliveryFood" */;
			compatibilityVersion = "Xcode 14.0";
			developmentRegion = en;
			hasScannedForEncodings = 0;
			knownRegions = (
				en,
				Base,
			);
			mainGroup = 199EBF9A2BC45584006A5838;
			productRefGroup = 199EBFA42BC45584006A5838 /* Products */;
			projectDirPath = "";
			projectRoot = "";
			targets = (
				199EBFA22BC45584006A5838 /* DeliveryFood */,
			);
		};
/* End PBXProject section */

/* Begin PBXResourcesBuildPhase section */
		199EBFA12BC45584006A5838 /* Resources */ = {
			isa = PBXResourcesBuildPhase;
			buildActionMask = 2147483647;
			files = (
				19C6BC742BC6DE970019B5AE /* Roboto-ThinItalic.ttf in Resources */,
				19C6BC732BC6DE970019B5AE /* Roboto-Thin.ttf in Resources */,
				19C6BC682BC6DE970019B5AE /* LICENSE.txt in Resources */,
				199EBFB02BC45586006A5838 /* Assets.xcassets in Resources */,
				19C6BC6F2BC6DE970019B5AE /* Roboto-LightItalic.ttf in Resources */,
				19C6BC6B2BC6DE970019B5AE /* Roboto-Bold.ttf in Resources */,
				19C6BC712BC6DE970019B5AE /* Roboto-MediumItalic.ttf in Resources */,
				19C6BC6A2BC6DE970019B5AE /* Roboto-BlackItalic.ttf in Resources */,
				199EBFB32BC45586006A5838 /* Base in Resources */,
				19C6BC6D2BC6DE970019B5AE /* Roboto-Italic.ttf in Resources */,
				19C6BC6C2BC6DE970019B5AE /* Roboto-BoldItalic.ttf in Resources */,
				19C6BC702BC6DE970019B5AE /* Roboto-Medium.ttf in Resources */,
				19C6BC722BC6DE970019B5AE /* Roboto-Regular.ttf in Resources */,
				19C6BC692BC6DE970019B5AE /* Roboto-Black.ttf in Resources */,
				19C6BC6E2BC6DE970019B5AE /* Roboto-Light.ttf in Resources */,
			);
			runOnlyForDeploymentPostprocessing = 0;
		};
/* End PBXResourcesBuildPhase section */

/* Begin PBXSourcesBuildPhase section */
		199EBF9F2BC45584006A5838 /* Sources */ = {
			isa = PBXSourcesBuildPhase;
			buildActionMask = 2147483647;
			files = (
				199EBFAB2BC45584006A5838 /* ViewController.swift in Sources */,
				19E04A062BCAD5310062C269 /* UIColor+Extensions.swift in Sources */,
				199EBFA72BC45584006A5838 /* AppDelegate.swift in Sources */,
				19E04A082BCAD6750062C269 /* AppColors.swift in Sources */,
				19E04A0F2BCAE3800062C269 /* AppCoordinator.swift in Sources */,
				19E04A042BCAD08E0062C269 /* UIFont+Extension.swift in Sources */,
				19B5F77C2BD6BD330084EF05 /* OrderCoordinator.swift in Sources */,
				199EBFA92BC45584006A5838 /* SceneDelegate.swift in Sources */,
				19B5F7802BD6BDA20084EF05 /* ProfileCoordinator.swift in Sources */,
				19B5F77E2BD6BD790084EF05 /* ListCoordinator.swift in Sources */,
				19B5F77A2BD6BCEC0084EF05 /* HomeCoordinator.swift in Sources */,
				19B5F7822BD6BDED0084EF05 /* TabBarController.swift in Sources */,
				19E04A0D2BCADAE30062C269 /* Coordinator.swift in Sources */,
				19C3B8922BCD60BA0023A0CB /* OnBoardingCoordinator.swift in Sources */,
			);
			runOnlyForDeploymentPostprocessing = 0;
		};
/* End PBXSourcesBuildPhase section */

/* Begin PBXVariantGroup section */
		199EBFB12BC45586006A5838 /* LaunchScreen.storyboard */ = {
			isa = PBXVariantGroup;
			children = (
				199EBFB22BC45586006A5838 /* Base */,
			);
			name = LaunchScreen.storyboard;
			sourceTree = "<group>";
		};
/* End PBXVariantGroup section */

/* Begin XCBuildConfiguration section */
		199EBFB52BC45586006A5838 /* Debug */ = {
			isa = XCBuildConfiguration;
			buildSettings = {
				ALWAYS_SEARCH_USER_PATHS = NO;
				ASSETCATALOG_COMPILER_GENERATE_SWIFT_ASSET_SYMBOL_EXTENSIONS = YES;
				CLANG_ANALYZER_NONNULL = YES;
				CLANG_ANALYZER_NUMBER_OBJECT_CONVERSION = YES_AGGRESSIVE;
				CLANG_CXX_LANGUAGE_STANDARD = "gnu++20";
				CLANG_ENABLE_MODULES = YES;
				CLANG_ENABLE_OBJC_ARC = YES;
				CLANG_ENABLE_OBJC_WEAK = YES;
				CLANG_WARN_BLOCK_CAPTURE_AUTORELEASING = YES;
				CLANG_WARN_BOOL_CONVERSION = YES;
				CLANG_WARN_COMMA = YES;
				CLANG_WARN_CONSTANT_CONVERSION = YES;
				CLANG_WARN_DEPRECATED_OBJC_IMPLEMENTATIONS = YES;
				CLANG_WARN_DIRECT_OBJC_ISA_USAGE = YES_ERROR;
				CLANG_WARN_DOCUMENTATION_COMMENTS = YES;
				CLANG_WARN_EMPTY_BODY = YES;
				CLANG_WARN_ENUM_CONVERSION = YES;
				CLANG_WARN_INFINITE_RECURSION = YES;
				CLANG_WARN_INT_CONVERSION = YES;
				CLANG_WARN_NON_LITERAL_NULL_CONVERSION = YES;
				CLANG_WARN_OBJC_IMPLICIT_RETAIN_SELF = YES;
				CLANG_WARN_OBJC_LITERAL_CONVERSION = YES;
				CLANG_WARN_OBJC_ROOT_CLASS = YES_ERROR;
				CLANG_WARN_QUOTED_INCLUDE_IN_FRAMEWORK_HEADER = YES;
				CLANG_WARN_RANGE_LOOP_ANALYSIS = YES;
				CLANG_WARN_STRICT_PROTOTYPES = YES;
				CLANG_WARN_SUSPICIOUS_MOVE = YES;
				CLANG_WARN_UNGUARDED_AVAILABILITY = YES_AGGRESSIVE;
				CLANG_WARN_UNREACHABLE_CODE = YES;
				CLANG_WARN__DUPLICATE_METHOD_MATCH = YES;
				COPY_PHASE_STRIP = NO;
				DEBUG_INFORMATION_FORMAT = dwarf;
				ENABLE_STRICT_OBJC_MSGSEND = YES;
				ENABLE_TESTABILITY = YES;
				ENABLE_USER_SCRIPT_SANDBOXING = YES;
				GCC_C_LANGUAGE_STANDARD = gnu17;
				GCC_DYNAMIC_NO_PIC = NO;
				GCC_NO_COMMON_BLOCKS = YES;
				GCC_OPTIMIZATION_LEVEL = 0;
				GCC_PREPROCESSOR_DEFINITIONS = (
					"DEBUG=1",
					"$(inherited)",
				);
				GCC_WARN_64_TO_32_BIT_CONVERSION = YES;
				GCC_WARN_ABOUT_RETURN_TYPE = YES_ERROR;
				GCC_WARN_UNDECLARED_SELECTOR = YES;
				GCC_WARN_UNINITIALIZED_AUTOS = YES_AGGRESSIVE;
				GCC_WARN_UNUSED_FUNCTION = YES;
				GCC_WARN_UNUSED_VARIABLE = YES;
				IPHONEOS_DEPLOYMENT_TARGET = 17.4;
				LOCALIZATION_PREFERS_STRING_CATALOGS = YES;
				MTL_ENABLE_DEBUG_INFO = INCLUDE_SOURCE;
				MTL_FAST_MATH = YES;
				ONLY_ACTIVE_ARCH = YES;
				SDKROOT = iphoneos;
				SWIFT_ACTIVE_COMPILATION_CONDITIONS = "DEBUG $(inherited)";
				SWIFT_OPTIMIZATION_LEVEL = "-Onone";
			};
			name = Debug;
		};
		199EBFB62BC45586006A5838 /* Release */ = {
			isa = XCBuildConfiguration;
			buildSettings = {
				ALWAYS_SEARCH_USER_PATHS = NO;
				ASSETCATALOG_COMPILER_GENERATE_SWIFT_ASSET_SYMBOL_EXTENSIONS = YES;
				CLANG_ANALYZER_NONNULL = YES;
				CLANG_ANALYZER_NUMBER_OBJECT_CONVERSION = YES_AGGRESSIVE;
				CLANG_CXX_LANGUAGE_STANDARD = "gnu++20";
				CLANG_ENABLE_MODULES = YES;
				CLANG_ENABLE_OBJC_ARC = YES;
				CLANG_ENABLE_OBJC_WEAK = YES;
				CLANG_WARN_BLOCK_CAPTURE_AUTORELEASING = YES;
				CLANG_WARN_BOOL_CONVERSION = YES;
				CLANG_WARN_COMMA = YES;
				CLANG_WARN_CONSTANT_CONVERSION = YES;
				CLANG_WARN_DEPRECATED_OBJC_IMPLEMENTATIONS = YES;
				CLANG_WARN_DIRECT_OBJC_ISA_USAGE = YES_ERROR;
				CLANG_WARN_DOCUMENTATION_COMMENTS = YES;
				CLANG_WARN_EMPTY_BODY = YES;
				CLANG_WARN_ENUM_CONVERSION = YES;
				CLANG_WARN_INFINITE_RECURSION = YES;
				CLANG_WARN_INT_CONVERSION = YES;
				CLANG_WARN_NON_LITERAL_NULL_CONVERSION = YES;
				CLANG_WARN_OBJC_IMPLICIT_RETAIN_SELF = YES;
				CLANG_WARN_OBJC_LITERAL_CONVERSION = YES;
				CLANG_WARN_OBJC_ROOT_CLASS = YES_ERROR;
				CLANG_WARN_QUOTED_INCLUDE_IN_FRAMEWORK_HEADER = YES;
				CLANG_WARN_RANGE_LOOP_ANALYSIS = YES;
				CLANG_WARN_STRICT_PROTOTYPES = YES;
				CLANG_WARN_SUSPICIOUS_MOVE = YES;
				CLANG_WARN_UNGUARDED_AVAILABILITY = YES_AGGRESSIVE;
				CLANG_WARN_UNREACHABLE_CODE = YES;
				CLANG_WARN__DUPLICATE_METHOD_MATCH = YES;
				COPY_PHASE_STRIP = NO;
				DEBUG_INFORMATION_FORMAT = "dwarf-with-dsym";
				ENABLE_NS_ASSERTIONS = NO;
				ENABLE_STRICT_OBJC_MSGSEND = YES;
				ENABLE_USER_SCRIPT_SANDBOXING = YES;
				GCC_C_LANGUAGE_STANDARD = gnu17;
				GCC_NO_COMMON_BLOCKS = YES;
				GCC_WARN_64_TO_32_BIT_CONVERSION = YES;
				GCC_WARN_ABOUT_RETURN_TYPE = YES_ERROR;
				GCC_WARN_UNDECLARED_SELECTOR = YES;
				GCC_WARN_UNINITIALIZED_AUTOS = YES_AGGRESSIVE;
				GCC_WARN_UNUSED_FUNCTION = YES;
				GCC_WARN_UNUSED_VARIABLE = YES;
				IPHONEOS_DEPLOYMENT_TARGET = 17.4;
				LOCALIZATION_PREFERS_STRING_CATALOGS = YES;
				MTL_ENABLE_DEBUG_INFO = NO;
				MTL_FAST_MATH = YES;
				SDKROOT = iphoneos;
				SWIFT_COMPILATION_MODE = wholemodule;
				VALIDATE_PRODUCT = YES;
			};
			name = Release;
		};
		199EBFB82BC45586006A5838 /* Debug */ = {
			isa = XCBuildConfiguration;
			buildSettings = {
				ASSETCATALOG_COMPILER_APPICON_NAME = AppIcon;
				ASSETCATALOG_COMPILER_GLOBAL_ACCENT_COLOR_NAME = AccentColor;
				CODE_SIGN_STYLE = Automatic;
				CURRENT_PROJECT_VERSION = 1;
				DEVELOPMENT_TEAM = CJC2A9W568;
				GENERATE_INFOPLIST_FILE = YES;
				INFOPLIST_FILE = DeliveryFood/Info.plist;
				INFOPLIST_KEY_UIApplicationSupportsIndirectInputEvents = YES;
				INFOPLIST_KEY_UILaunchStoryboardName = LaunchScreen;
				INFOPLIST_KEY_UISupportedInterfaceOrientations_iPad = "UIInterfaceOrientationPortrait UIInterfaceOrientationPortraitUpsideDown UIInterfaceOrientationLandscapeLeft UIInterfaceOrientationLandscapeRight";
				INFOPLIST_KEY_UISupportedInterfaceOrientations_iPhone = "UIInterfaceOrientationPortrait UIInterfaceOrientationLandscapeLeft UIInterfaceOrientationLandscapeRight";
				LD_RUNPATH_SEARCH_PATHS = (
					"$(inherited)",
					"@executable_path/Frameworks",
				);
				MARKETING_VERSION = 1.0;
				PRODUCT_BUNDLE_IDENTIFIER = VVK.DeliveryFood;
				PRODUCT_NAME = "$(TARGET_NAME)";
				SWIFT_EMIT_LOC_STRINGS = YES;
				SWIFT_VERSION = 5.0;
				TARGETED_DEVICE_FAMILY = "1,2";
			};
			name = Debug;
		};
		199EBFB92BC45586006A5838 /* Release */ = {
			isa = XCBuildConfiguration;
			buildSettings = {
				ASSETCATALOG_COMPILER_APPICON_NAME = AppIcon;
				ASSETCATALOG_COMPILER_GLOBAL_ACCENT_COLOR_NAME = AccentColor;
				CODE_SIGN_STYLE = Automatic;
				CURRENT_PROJECT_VERSION = 1;
				DEVELOPMENT_TEAM = CJC2A9W568;
				GENERATE_INFOPLIST_FILE = YES;
				INFOPLIST_FILE = DeliveryFood/Info.plist;
				INFOPLIST_KEY_UIApplicationSupportsIndirectInputEvents = YES;
				INFOPLIST_KEY_UILaunchStoryboardName = LaunchScreen;
				INFOPLIST_KEY_UISupportedInterfaceOrientations_iPad = "UIInterfaceOrientationPortrait UIInterfaceOrientationPortraitUpsideDown UIInterfaceOrientationLandscapeLeft UIInterfaceOrientationLandscapeRight";
				INFOPLIST_KEY_UISupportedInterfaceOrientations_iPhone = "UIInterfaceOrientationPortrait UIInterfaceOrientationLandscapeLeft UIInterfaceOrientationLandscapeRight";
				LD_RUNPATH_SEARCH_PATHS = (
					"$(inherited)",
					"@executable_path/Frameworks",
				);
				MARKETING_VERSION = 1.0;
				PRODUCT_BUNDLE_IDENTIFIER = VVK.DeliveryFood;
				PRODUCT_NAME = "$(TARGET_NAME)";
				SWIFT_EMIT_LOC_STRINGS = YES;
				SWIFT_VERSION = 5.0;
				TARGETED_DEVICE_FAMILY = "1,2";
			};
			name = Release;
		};
/* End XCBuildConfiguration section */

/* Begin XCConfigurationList section */
		199EBF9E2BC45584006A5838 /* Build configuration list for PBXProject "DeliveryFood" */ = {
			isa = XCConfigurationList;
			buildConfigurations = (
				199EBFB52BC45586006A5838 /* Debug */,
				199EBFB62BC45586006A5838 /* Release */,
			);
			defaultConfigurationIsVisible = 0;
			defaultConfigurationName = Release;
		};
		199EBFB72BC45586006A5838 /* Build configuration list for PBXNativeTarget "DeliveryFood" */ = {
			isa = XCConfigurationList;
			buildConfigurations = (
				199EBFB82BC45586006A5838 /* Debug */,
				199EBFB92BC45586006A5838 /* Release */,
			);
			defaultConfigurationIsVisible = 0;
			defaultConfigurationName = Release;
		};
/* End XCConfigurationList section */
	};
	rootObject = 199EBF9B2BC45584006A5838 /* Project object */;
}
